// !$*UTF8*$!
{
	archiveVersion = 1;
	classes = {
	};
	objectVersion = 56;
	objects = {

/* Begin PBXBuildFile section */
		0F224BAE2BBB2845006B6D3E /* SceneDelegate.swift in Sources */ = {isa = PBXBuildFile; fileRef = 0F224BAD2BBB2845006B6D3E /* SceneDelegate.swift */; };
		0F224BB02BBB2845006B6D3E /* StartScreen.swift in Sources */ = {isa = PBXBuildFile; fileRef = 0F224BAF2BBB2845006B6D3E /* StartScreen.swift */; };
		0F224BB22BBB2847006B6D3E /* Assets.xcassets in Resources */ = {isa = PBXBuildFile; fileRef = 0F224BB12BBB2847006B6D3E /* Assets.xcassets */; };
		0F224BB52BBB2847006B6D3E /* Preview Assets.xcassets in Resources */ = {isa = PBXBuildFile; fileRef = 0F224BB42BBB2847006B6D3E /* Preview Assets.xcassets */; };
		0F224BBC2BBB29A1006B6D3E /* AppDelegate.swift in Sources */ = {isa = PBXBuildFile; fileRef = 0F224BBB2BBB29A1006B6D3E /* AppDelegate.swift */; };
		0F224BBE2BBB2A20006B6D3E /* Navigation.swift in Sources */ = {isa = PBXBuildFile; fileRef = 0F224BBD2BBB2A20006B6D3E /* Navigation.swift */; };
		0F224BC22BBB2A76006B6D3E /* RootView.swift in Sources */ = {isa = PBXBuildFile; fileRef = 0F224BC12BBB2A76006B6D3E /* RootView.swift */; };
		0F224BC42BBB2AAE006B6D3E /* BaseViewModel.swift in Sources */ = {isa = PBXBuildFile; fileRef = 0F224BC32BBB2AAE006B6D3E /* BaseViewModel.swift */; };
		0F224BC82BBB2B54006B6D3E /* View+.swift in Sources */ = {isa = PBXBuildFile; fileRef = 0F224BC72BBB2B54006B6D3E /* View+.swift */; };
		0F224BCC2BBB2BE2006B6D3E /* LaunchScreen.storyboard in Resources */ = {isa = PBXBuildFile; fileRef = 0F224BCB2BBB2BE2006B6D3E /* LaunchScreen.storyboard */; };
		0F224BCE2BBB2C09006B6D3E /* LaunchscreenRepresentable.swift in Sources */ = {isa = PBXBuildFile; fileRef = 0F224BCD2BBB2C09006B6D3E /* LaunchscreenRepresentable.swift */; };
		0F224BD22BBB2E4B006B6D3E /* Poppins-SemiBold.ttf in Resources */ = {isa = PBXBuildFile; fileRef = 0F224BD12BBB2E4B006B6D3E /* Poppins-SemiBold.ttf */; };
		0F224BD42BBB2E52006B6D3E /* Poppins-Regular.ttf in Resources */ = {isa = PBXBuildFile; fileRef = 0F224BD32BBB2E52006B6D3E /* Poppins-Regular.ttf */; };
		0F224BD62BBB2E59006B6D3E /* Poppins-Bold.ttf in Resources */ = {isa = PBXBuildFile; fileRef = 0F224BD52BBB2E59006B6D3E /* Poppins-Bold.ttf */; };
		0F224BD82BBB2E89006B6D3E /* Fonts.swift in Sources */ = {isa = PBXBuildFile; fileRef = 0F224BD72BBB2E89006B6D3E /* Fonts.swift */; };
		0F224BDA2BBB2EB8006B6D3E /* Colors.swift in Sources */ = {isa = PBXBuildFile; fileRef = 0F224BD92BBB2EB8006B6D3E /* Colors.swift */; };
		0F224BDF2BBB4362006B6D3E /* UserDefaultsService.swift in Sources */ = {isa = PBXBuildFile; fileRef = 0F224BDE2BBB4362006B6D3E /* UserDefaultsService.swift */; };
		0F224BE12BBB437E006B6D3E /* UserService.swift in Sources */ = {isa = PBXBuildFile; fileRef = 0F224BE02BBB437E006B6D3E /* UserService.swift */; };
		0F224BE42BBB43B3006B6D3E /* StartViewModel.swift in Sources */ = {isa = PBXBuildFile; fileRef = 0F224BE32BBB43B3006B6D3E /* StartViewModel.swift */; };
		0F224BE72BBB43EB006B6D3E /* OnboardingScreen.swift in Sources */ = {isa = PBXBuildFile; fileRef = 0F224BE62BBB43EB006B6D3E /* OnboardingScreen.swift */; };
		0F224BE92BBB43FC006B6D3E /* ContentView.swift in Sources */ = {isa = PBXBuildFile; fileRef = 0F224BE82BBB43FC006B6D3E /* ContentView.swift */; };
		0F224BEB2BBB4451006B6D3E /* OnboardingViewModel.swift in Sources */ = {isa = PBXBuildFile; fileRef = 0F224BEA2BBB4451006B6D3E /* OnboardingViewModel.swift */; };
		0F224BEE2BBB4638006B6D3E /* netfox in Frameworks */ = {isa = PBXBuildFile; productRef = 0F224BED2BBB4638006B6D3E /* netfox */; };
		0F224BF12BBB46AB006B6D3E /* SwiftyJSON in Frameworks */ = {isa = PBXBuildFile; productRef = 0F224BF02BBB46AB006B6D3E /* SwiftyJSON */; };
/* End PBXBuildFile section */

/* Begin PBXFileReference section */
		0F224BAA2BBB2845006B6D3E /* iosApp.app */ = {isa = PBXFileReference; explicitFileType = wrapper.application; includeInIndex = 0; path = iosApp.app; sourceTree = BUILT_PRODUCTS_DIR; };
		0F224BAD2BBB2845006B6D3E /* SceneDelegate.swift */ = {isa = PBXFileReference; lastKnownFileType = sourcecode.swift; path = SceneDelegate.swift; sourceTree = "<group>"; };
		0F224BAF2BBB2845006B6D3E /* StartScreen.swift */ = {isa = PBXFileReference; lastKnownFileType = sourcecode.swift; path = StartScreen.swift; sourceTree = "<group>"; };
		0F224BB12BBB2847006B6D3E /* Assets.xcassets */ = {isa = PBXFileReference; lastKnownFileType = folder.assetcatalog; path = Assets.xcassets; sourceTree = "<group>"; };
		0F224BB42BBB2847006B6D3E /* Preview Assets.xcassets */ = {isa = PBXFileReference; lastKnownFileType = folder.assetcatalog; path = "Preview Assets.xcassets"; sourceTree = "<group>"; };
		0F224BBB2BBB29A1006B6D3E /* AppDelegate.swift */ = {isa = PBXFileReference; lastKnownFileType = sourcecode.swift; path = AppDelegate.swift; sourceTree = "<group>"; };
		0F224BBD2BBB2A20006B6D3E /* Navigation.swift */ = {isa = PBXFileReference; lastKnownFileType = sourcecode.swift; path = Navigation.swift; sourceTree = "<group>"; };
		0F224BC12BBB2A76006B6D3E /* RootView.swift */ = {isa = PBXFileReference; lastKnownFileType = sourcecode.swift; path = RootView.swift; sourceTree = "<group>"; };
		0F224BC32BBB2AAE006B6D3E /* BaseViewModel.swift */ = {isa = PBXFileReference; lastKnownFileType = sourcecode.swift; path = BaseViewModel.swift; sourceTree = "<group>"; };
		0F224BC72BBB2B54006B6D3E /* View+.swift */ = {isa = PBXFileReference; lastKnownFileType = sourcecode.swift; path = "View+.swift"; sourceTree = "<group>"; };
		0F224BCB2BBB2BE2006B6D3E /* LaunchScreen.storyboard */ = {isa = PBXFileReference; lastKnownFileType = file.storyboard; path = LaunchScreen.storyboard; sourceTree = "<group>"; };
		0F224BCD2BBB2C09006B6D3E /* LaunchscreenRepresentable.swift */ = {isa = PBXFileReference; lastKnownFileType = sourcecode.swift; path = LaunchscreenRepresentable.swift; sourceTree = "<group>"; };
		0F224BCF2BBB2CC8006B6D3E /* Info.plist */ = {isa = PBXFileReference; lastKnownFileType = text.plist.xml; path = Info.plist; sourceTree = "<group>"; };
		0F224BD12BBB2E4B006B6D3E /* Poppins-SemiBold.ttf */ = {isa = PBXFileReference; lastKnownFileType = file; path = "Poppins-SemiBold.ttf"; sourceTree = "<group>"; };
		0F224BD32BBB2E52006B6D3E /* Poppins-Regular.ttf */ = {isa = PBXFileReference; lastKnownFileType = file; path = "Poppins-Regular.ttf"; sourceTree = "<group>"; };
		0F224BD52BBB2E59006B6D3E /* Poppins-Bold.ttf */ = {isa = PBXFileReference; lastKnownFileType = file; path = "Poppins-Bold.ttf"; sourceTree = "<group>"; };
		0F224BD72BBB2E89006B6D3E /* Fonts.swift */ = {isa = PBXFileReference; lastKnownFileType = sourcecode.swift; path = Fonts.swift; sourceTree = "<group>"; };
		0F224BD92BBB2EB8006B6D3E /* Colors.swift */ = {isa = PBXFileReference; lastKnownFileType = sourcecode.swift; path = Colors.swift; sourceTree = "<group>"; };
		0F224BDE2BBB4362006B6D3E /* UserDefaultsService.swift */ = {isa = PBXFileReference; lastKnownFileType = sourcecode.swift; path = UserDefaultsService.swift; sourceTree = "<group>"; };
		0F224BE02BBB437E006B6D3E /* UserService.swift */ = {isa = PBXFileReference; lastKnownFileType = sourcecode.swift; path = UserService.swift; sourceTree = "<group>"; };
		0F224BE32BBB43B3006B6D3E /* StartViewModel.swift */ = {isa = PBXFileReference; lastKnownFileType = sourcecode.swift; path = StartViewModel.swift; sourceTree = "<group>"; };
		0F224BE62BBB43EB006B6D3E /* OnboardingScreen.swift */ = {isa = PBXFileReference; lastKnownFileType = sourcecode.swift; path = OnboardingScreen.swift; sourceTree = "<group>"; };
		0F224BE82BBB43FC006B6D3E /* ContentView.swift */ = {isa = PBXFileReference; lastKnownFileType = sourcecode.swift; path = ContentView.swift; sourceTree = "<group>"; };
		0F224BEA2BBB4451006B6D3E /* OnboardingViewModel.swift */ = {isa = PBXFileReference; lastKnownFileType = sourcecode.swift; path = OnboardingViewModel.swift; sourceTree = "<group>"; };
/* End PBXFileReference section */

/* Begin PBXFrameworksBuildPhase section */
		0F224BA72BBB2845006B6D3E /* Frameworks */ = {
			isa = PBXFrameworksBuildPhase;
			buildActionMask = 2147483647;
			files = (
				0F224BF12BBB46AB006B6D3E /* SwiftyJSON in Frameworks */,
				0F224BEE2BBB4638006B6D3E /* netfox in Frameworks */,
			);
			runOnlyForDeploymentPostprocessing = 0;
		};
/* End PBXFrameworksBuildPhase section */

/* Begin PBXGroup section */
		0F224BA12BBB2845006B6D3E = {
			isa = PBXGroup;
			children = (
				0F224BAC2BBB2845006B6D3E /* iosApp */,
				0F224BAB2BBB2845006B6D3E /* Products */,
			);
			sourceTree = "<group>";
		};
		0F224BAB2BBB2845006B6D3E /* Products */ = {
			isa = PBXGroup;
			children = (
				0F224BAA2BBB2845006B6D3E /* iosApp.app */,
			);
			name = Products;
			sourceTree = "<group>";
		};
		0F224BAC2BBB2845006B6D3E /* iosApp */ = {
			isa = PBXGroup;
			children = (
				0F224BCF2BBB2CC8006B6D3E /* Info.plist */,
				0F224BBB2BBB29A1006B6D3E /* AppDelegate.swift */,
				0F224BAD2BBB2845006B6D3E /* SceneDelegate.swift */,
				0F224BC12BBB2A76006B6D3E /* RootView.swift */,
				0F224BDB2BBB42AB006B6D3E /* API */,
				0F224BDC2BBB42B1006B6D3E /* Service */,
				0F224BDD2BBB42BC006B6D3E /* Models */,
				0F224BBF2BBB2A40006B6D3E /* Resources */,
				0F224BC92BBB2BAC006B6D3E /* UI */,
				0F224BC02BBB2A4A006B6D3E /* Utils */,
				0F224BB32BBB2847006B6D3E /* Preview Content */,
			);
			path = iosApp;
			sourceTree = "<group>";
		};
		0F224BB32BBB2847006B6D3E /* Preview Content */ = {
			isa = PBXGroup;
			children = (
				0F224BB42BBB2847006B6D3E /* Preview Assets.xcassets */,
			);
			path = "Preview Content";
			sourceTree = "<group>";
		};
		0F224BBF2BBB2A40006B6D3E /* Resources */ = {
			isa = PBXGroup;
			children = (
				0F224BD02BBB2D98006B6D3E /* Fonts */,
				0F224BB12BBB2847006B6D3E /* Assets.xcassets */,
				0F224BD72BBB2E89006B6D3E /* Fonts.swift */,
				0F224BD92BBB2EB8006B6D3E /* Colors.swift */,
			);
			path = Resources;
			sourceTree = "<group>";
		};
		0F224BC02BBB2A4A006B6D3E /* Utils */ = {
			isa = PBXGroup;
			children = (
				0F224BBD2BBB2A20006B6D3E /* Navigation.swift */,
				0F224BC32BBB2AAE006B6D3E /* BaseViewModel.swift */,
				0F224BC72BBB2B54006B6D3E /* View+.swift */,
			);
			path = Utils;
			sourceTree = "<group>";
		};
		0F224BC92BBB2BAC006B6D3E /* UI */ = {
			isa = PBXGroup;
			children = (
				0F224BE22BBB439E006B6D3E /* Start */,
				0F224BE52BBB43DA006B6D3E /* Onboarding */,
				0F224BCA2BBB2BCC006B6D3E /* Launchscreen */,
				0F224BE82BBB43FC006B6D3E /* ContentView.swift */,
			);
			path = UI;
			sourceTree = "<group>";
		};
		0F224BCA2BBB2BCC006B6D3E /* Launchscreen */ = {
			isa = PBXGroup;
			children = (
				0F224BCB2BBB2BE2006B6D3E /* LaunchScreen.storyboard */,
				0F224BCD2BBB2C09006B6D3E /* LaunchscreenRepresentable.swift */,
			);
			path = Launchscreen;
			sourceTree = "<group>";
		};
		0F224BD02BBB2D98006B6D3E /* Fonts */ = {
			isa = PBXGroup;
			children = (
				0F224BD52BBB2E59006B6D3E /* Poppins-Bold.ttf */,
				0F224BD32BBB2E52006B6D3E /* Poppins-Regular.ttf */,
				0F224BD12BBB2E4B006B6D3E /* Poppins-SemiBold.ttf */,
			);
			path = Fonts;
			sourceTree = "<group>";
		};
		0F224BDB2BBB42AB006B6D3E /* API */ = {
			isa = PBXGroup;
			children = (
			);
			path = API;
			sourceTree = "<group>";
		};
		0F224BDC2BBB42B1006B6D3E /* Service */ = {
			isa = PBXGroup;
			children = (
				0F224BDE2BBB4362006B6D3E /* UserDefaultsService.swift */,
				0F224BE02BBB437E006B6D3E /* UserService.swift */,
			);
			path = Service;
			sourceTree = "<group>";
		};
		0F224BDD2BBB42BC006B6D3E /* Models */ = {
			isa = PBXGroup;
			children = (
			);
			path = Models;
			sourceTree = "<group>";
		};
		0F224BE22BBB439E006B6D3E /* Start */ = {
			isa = PBXGroup;
			children = (
				0F224BAF2BBB2845006B6D3E /* StartScreen.swift */,
				0F224BE32BBB43B3006B6D3E /* StartViewModel.swift */,
			);
			path = Start;
			sourceTree = "<group>";
		};
		0F224BE52BBB43DA006B6D3E /* Onboarding */ = {
			isa = PBXGroup;
			children = (
				0F224BE62BBB43EB006B6D3E /* OnboardingScreen.swift */,
				0F224BEA2BBB4451006B6D3E /* OnboardingViewModel.swift */,
			);
			path = Onboarding;
			sourceTree = "<group>";
		};
/* End PBXGroup section */

/* Begin PBXNativeTarget section */
		0F224BA92BBB2845006B6D3E /* iosApp */ = {
			isa = PBXNativeTarget;
			buildConfigurationList = 0F224BB82BBB2847006B6D3E /* Build configuration list for PBXNativeTarget "iosApp" */;
			buildPhases = (
				0F224BA62BBB2845006B6D3E /* Sources */,
				0F224BA72BBB2845006B6D3E /* Frameworks */,
				0F224BA82BBB2845006B6D3E /* Resources */,
			);
			buildRules = (
			);
			dependencies = (
			);
			name = iosApp;
			packageProductDependencies = (
				0F224BED2BBB4638006B6D3E /* netfox */,
				0F224BF02BBB46AB006B6D3E /* SwiftyJSON */,
			);
			productName = iosApp;
			productReference = 0F224BAA2BBB2845006B6D3E /* iosApp.app */;
			productType = "com.apple.product-type.application";
		};
/* End PBXNativeTarget section */

/* Begin PBXProject section */
		0F224BA22BBB2845006B6D3E /* Project object */ = {
			isa = PBXProject;
			attributes = {
				BuildIndependentTargetsInParallel = 1;
				LastSwiftUpdateCheck = 1520;
				LastUpgradeCheck = 1520;
				TargetAttributes = {
					0F224BA92BBB2845006B6D3E = {
						CreatedOnToolsVersion = 15.2;
					};
				};
			};
			buildConfigurationList = 0F224BA52BBB2845006B6D3E /* Build configuration list for PBXProject "iosApp" */;
			compatibilityVersion = "Xcode 14.0";
			developmentRegion = en;
			hasScannedForEncodings = 0;
			knownRegions = (
				en,
				Base,
			);
			mainGroup = 0F224BA12BBB2845006B6D3E;
			packageReferences = (
				0F224BEC2BBB4638006B6D3E /* XCRemoteSwiftPackageReference "netfox" */,
				0F224BEF2BBB46AB006B6D3E /* XCRemoteSwiftPackageReference "SwiftyJSON" */,
			);
			productRefGroup = 0F224BAB2BBB2845006B6D3E /* Products */;
			projectDirPath = "";
			projectRoot = "";
			targets = (
				0F224BA92BBB2845006B6D3E /* iosApp */,
			);
		};
/* End PBXProject section */

/* Begin PBXResourcesBuildPhase section */
		0F224BA82BBB2845006B6D3E /* Resources */ = {
			isa = PBXResourcesBuildPhase;
			buildActionMask = 2147483647;
			files = (
				0F224BCC2BBB2BE2006B6D3E /* LaunchScreen.storyboard in Resources */,
				0F224BD62BBB2E59006B6D3E /* Poppins-Bold.ttf in Resources */,
				0F224BD22BBB2E4B006B6D3E /* Poppins-SemiBold.ttf in Resources */,
				0F224BB52BBB2847006B6D3E /* Preview Assets.xcassets in Resources */,
				0F224BB22BBB2847006B6D3E /* Assets.xcassets in Resources */,
				0F224BD42BBB2E52006B6D3E /* Poppins-Regular.ttf in Resources */,
			);
			runOnlyForDeploymentPostprocessing = 0;
		};
/* End PBXResourcesBuildPhase section */

/* Begin PBXSourcesBuildPhase section */
		0F224BA62BBB2845006B6D3E /* Sources */ = {
			isa = PBXSourcesBuildPhase;
			buildActionMask = 2147483647;
			files = (
				0F224BE42BBB43B3006B6D3E /* StartViewModel.swift in Sources */,
				0F224BBC2BBB29A1006B6D3E /* AppDelegate.swift in Sources */,
				0F224BDA2BBB2EB8006B6D3E /* Colors.swift in Sources */,
				0F224BEB2BBB4451006B6D3E /* OnboardingViewModel.swift in Sources */,
				0F224BB02BBB2845006B6D3E /* StartScreen.swift in Sources */,
				0F224BDF2BBB4362006B6D3E /* UserDefaultsService.swift in Sources */,
				0F224BAE2BBB2845006B6D3E /* SceneDelegate.swift in Sources */,
				0F224BBE2BBB2A20006B6D3E /* Navigation.swift in Sources */,
				0F224BC82BBB2B54006B6D3E /* View+.swift in Sources */,
				0F224BD82BBB2E89006B6D3E /* Fonts.swift in Sources */,
				0F224BE12BBB437E006B6D3E /* UserService.swift in Sources */,
				0F224BE72BBB43EB006B6D3E /* OnboardingScreen.swift in Sources */,
				0F224BE92BBB43FC006B6D3E /* ContentView.swift in Sources */,
				0F224BC22BBB2A76006B6D3E /* RootView.swift in Sources */,
				0F224BC42BBB2AAE006B6D3E /* BaseViewModel.swift in Sources */,
				0F224BCE2BBB2C09006B6D3E /* LaunchscreenRepresentable.swift in Sources */,
			);
			runOnlyForDeploymentPostprocessing = 0;
		};
/* End PBXSourcesBuildPhase section */

/* Begin XCBuildConfiguration section */
		0F224BB62BBB2847006B6D3E /* Debug */ = {
			isa = XCBuildConfiguration;
			buildSettings = {
				ALWAYS_SEARCH_USER_PATHS = NO;
				ASSETCATALOG_COMPILER_GENERATE_SWIFT_ASSET_SYMBOL_EXTENSIONS = YES;
				CLANG_ANALYZER_NONNULL = YES;
				CLANG_ANALYZER_NUMBER_OBJECT_CONVERSION = YES_AGGRESSIVE;
				CLANG_CXX_LANGUAGE_STANDARD = "gnu++20";
				CLANG_ENABLE_MODULES = YES;
				CLANG_ENABLE_OBJC_ARC = YES;
				CLANG_ENABLE_OBJC_WEAK = YES;
				CLANG_WARN_BLOCK_CAPTURE_AUTORELEASING = YES;
				CLANG_WARN_BOOL_CONVERSION = YES;
				CLANG_WARN_COMMA = YES;
				CLANG_WARN_CONSTANT_CONVERSION = YES;
				CLANG_WARN_DEPRECATED_OBJC_IMPLEMENTATIONS = YES;
				CLANG_WARN_DIRECT_OBJC_ISA_USAGE = YES_ERROR;
				CLANG_WARN_DOCUMENTATION_COMMENTS = YES;
				CLANG_WARN_EMPTY_BODY = YES;
				CLANG_WARN_ENUM_CONVERSION = YES;
				CLANG_WARN_INFINITE_RECURSION = YES;
				CLANG_WARN_INT_CONVERSION = YES;
				CLANG_WARN_NON_LITERAL_NULL_CONVERSION = YES;
				CLANG_WARN_OBJC_IMPLICIT_RETAIN_SELF = YES;
				CLANG_WARN_OBJC_LITERAL_CONVERSION = YES;
				CLANG_WARN_OBJC_ROOT_CLASS = YES_ERROR;
				CLANG_WARN_QUOTED_INCLUDE_IN_FRAMEWORK_HEADER = YES;
				CLANG_WARN_RANGE_LOOP_ANALYSIS = YES;
				CLANG_WARN_STRICT_PROTOTYPES = YES;
				CLANG_WARN_SUSPICIOUS_MOVE = YES;
				CLANG_WARN_UNGUARDED_AVAILABILITY = YES_AGGRESSIVE;
				CLANG_WARN_UNREACHABLE_CODE = YES;
				CLANG_WARN__DUPLICATE_METHOD_MATCH = YES;
				COPY_PHASE_STRIP = NO;
				DEBUG_INFORMATION_FORMAT = dwarf;
				ENABLE_STRICT_OBJC_MSGSEND = YES;
				ENABLE_TESTABILITY = YES;
				ENABLE_USER_SCRIPT_SANDBOXING = YES;
				GCC_C_LANGUAGE_STANDARD = gnu17;
				GCC_DYNAMIC_NO_PIC = NO;
				GCC_NO_COMMON_BLOCKS = YES;
				GCC_OPTIMIZATION_LEVEL = 0;
				GCC_PREPROCESSOR_DEFINITIONS = (
					"DEBUG=1",
					"$(inherited)",
				);
				GCC_WARN_64_TO_32_BIT_CONVERSION = YES;
				GCC_WARN_ABOUT_RETURN_TYPE = YES_ERROR;
				GCC_WARN_UNDECLARED_SELECTOR = YES;
				GCC_WARN_UNINITIALIZED_AUTOS = YES_AGGRESSIVE;
				GCC_WARN_UNUSED_FUNCTION = YES;
				GCC_WARN_UNUSED_VARIABLE = YES;
				IPHONEOS_DEPLOYMENT_TARGET = 16.4;
				LOCALIZATION_PREFERS_STRING_CATALOGS = YES;
				MTL_ENABLE_DEBUG_INFO = INCLUDE_SOURCE;
				MTL_FAST_MATH = YES;
				ONLY_ACTIVE_ARCH = YES;
				SDKROOT = iphoneos;
				SWIFT_ACTIVE_COMPILATION_CONDITIONS = "DEBUG $(inherited)";
				SWIFT_OPTIMIZATION_LEVEL = "-Onone";
			};
			name = Debug;
		};
		0F224BB72BBB2847006B6D3E /* Release */ = {
			isa = XCBuildConfiguration;
			buildSettings = {
				ALWAYS_SEARCH_USER_PATHS = NO;
				ASSETCATALOG_COMPILER_GENERATE_SWIFT_ASSET_SYMBOL_EXTENSIONS = YES;
				CLANG_ANALYZER_NONNULL = YES;
				CLANG_ANALYZER_NUMBER_OBJECT_CONVERSION = YES_AGGRESSIVE;
				CLANG_CXX_LANGUAGE_STANDARD = "gnu++20";
				CLANG_ENABLE_MODULES = YES;
				CLANG_ENABLE_OBJC_ARC = YES;
				CLANG_ENABLE_OBJC_WEAK = YES;
				CLANG_WARN_BLOCK_CAPTURE_AUTORELEASING = YES;
				CLANG_WARN_BOOL_CONVERSION = YES;
				CLANG_WARN_COMMA = YES;
				CLANG_WARN_CONSTANT_CONVERSION = YES;
				CLANG_WARN_DEPRECATED_OBJC_IMPLEMENTATIONS = YES;
				CLANG_WARN_DIRECT_OBJC_ISA_USAGE = YES_ERROR;
				CLANG_WARN_DOCUMENTATION_COMMENTS = YES;
				CLANG_WARN_EMPTY_BODY = YES;
				CLANG_WARN_ENUM_CONVERSION = YES;
				CLANG_WARN_INFINITE_RECURSION = YES;
				CLANG_WARN_INT_CONVERSION = YES;
				CLANG_WARN_NON_LITERAL_NULL_CONVERSION = YES;
				CLANG_WARN_OBJC_IMPLICIT_RETAIN_SELF = YES;
				CLANG_WARN_OBJC_LITERAL_CONVERSION = YES;
				CLANG_WARN_OBJC_ROOT_CLASS = YES_ERROR;
				CLANG_WARN_QUOTED_INCLUDE_IN_FRAMEWORK_HEADER = YES;
				CLANG_WARN_RANGE_LOOP_ANALYSIS = YES;
				CLANG_WARN_STRICT_PROTOTYPES = YES;
				CLANG_WARN_SUSPICIOUS_MOVE = YES;
				CLANG_WARN_UNGUARDED_AVAILABILITY = YES_AGGRESSIVE;
				CLANG_WARN_UNREACHABLE_CODE = YES;
				CLANG_WARN__DUPLICATE_METHOD_MATCH = YES;
				COPY_PHASE_STRIP = NO;
				DEBUG_INFORMATION_FORMAT = "dwarf-with-dsym";
				ENABLE_NS_ASSERTIONS = NO;
				ENABLE_STRICT_OBJC_MSGSEND = YES;
				ENABLE_USER_SCRIPT_SANDBOXING = YES;
				GCC_C_LANGUAGE_STANDARD = gnu17;
				GCC_NO_COMMON_BLOCKS = YES;
				GCC_WARN_64_TO_32_BIT_CONVERSION = YES;
				GCC_WARN_ABOUT_RETURN_TYPE = YES_ERROR;
				GCC_WARN_UNDECLARED_SELECTOR = YES;
				GCC_WARN_UNINITIALIZED_AUTOS = YES_AGGRESSIVE;
				GCC_WARN_UNUSED_FUNCTION = YES;
				GCC_WARN_UNUSED_VARIABLE = YES;
				IPHONEOS_DEPLOYMENT_TARGET = 16.4;
				LOCALIZATION_PREFERS_STRING_CATALOGS = YES;
				MTL_ENABLE_DEBUG_INFO = NO;
				MTL_FAST_MATH = YES;
				SDKROOT = iphoneos;
				SWIFT_COMPILATION_MODE = wholemodule;
				VALIDATE_PRODUCT = YES;
			};
			name = Release;
		};
		0F224BB92BBB2847006B6D3E /* Debug */ = {
			isa = XCBuildConfiguration;
			buildSettings = {
				ASSETCATALOG_COMPILER_APPICON_NAME = AppIcon;
				ASSETCATALOG_COMPILER_GLOBAL_ACCENT_COLOR_NAME = AccentColor;
				CODE_SIGN_STYLE = Automatic;
				CURRENT_PROJECT_VERSION = 1;
				DEVELOPMENT_ASSET_PATHS = "\"iosApp/Preview Content\"";
				DEVELOPMENT_TEAM = 23N7CD7DZ5;
				ENABLE_PREVIEWS = YES;
				GENERATE_INFOPLIST_FILE = YES;
				INFOPLIST_FILE = iosApp/Info.plist;
				INFOPLIST_KEY_LSApplicationCategoryType = "";
				INFOPLIST_KEY_UIApplicationSupportsIndirectInputEvents = YES;
				INFOPLIST_KEY_UILaunchStoryboardName = LaunchScreen.storyboard;
				INFOPLIST_KEY_UISupportedInterfaceOrientations_iPad = "UIInterfaceOrientationPortrait UIInterfaceOrientationPortraitUpsideDown UIInterfaceOrientationLandscapeLeft UIInterfaceOrientationLandscapeRight";
				INFOPLIST_KEY_UISupportedInterfaceOrientations_iPhone = "UIInterfaceOrientationPortrait UIInterfaceOrientationLandscapeLeft UIInterfaceOrientationLandscapeRight";
				IPHONEOS_DEPLOYMENT_TARGET = 16.0;
				LD_RUNPATH_SEARCH_PATHS = (
					"$(inherited)",
					"@executable_path/Frameworks",
				);
				MARKETING_VERSION = 1.0;
				PRODUCT_BUNDLE_IDENTIFIER = app.AlexiaAldea.iosApp;
				PRODUCT_NAME = "$(TARGET_NAME)";
				SWIFT_EMIT_LOC_STRINGS = YES;
				SWIFT_VERSION = 5.0;
				TARGETED_DEVICE_FAMILY = "1,2";
			};
			name = Debug;
		};
		0F224BBA2BBB2847006B6D3E /* Release */ = {
			isa = XCBuildConfiguration;
			buildSettings = {
				ASSETCATALOG_COMPILER_APPICON_NAME = AppIcon;
				ASSETCATALOG_COMPILER_GLOBAL_ACCENT_COLOR_NAME = AccentColor;
				CODE_SIGN_STYLE = Automatic;
				CURRENT_PROJECT_VERSION = 1;
				DEVELOPMENT_ASSET_PATHS = "\"iosApp/Preview Content\"";
				DEVELOPMENT_TEAM = 23N7CD7DZ5;
				ENABLE_PREVIEWS = YES;
				GENERATE_INFOPLIST_FILE = YES;
				INFOPLIST_FILE = iosApp/Info.plist;
				INFOPLIST_KEY_LSApplicationCategoryType = "";
				INFOPLIST_KEY_UIApplicationSupportsIndirectInputEvents = YES;
				INFOPLIST_KEY_UILaunchStoryboardName = LaunchScreen.storyboard;
				INFOPLIST_KEY_UISupportedInterfaceOrientations_iPad = "UIInterfaceOrientationPortrait UIInterfaceOrientationPortraitUpsideDown UIInterfaceOrientationLandscapeLeft UIInterfaceOrientationLandscapeRight";
				INFOPLIST_KEY_UISupportedInterfaceOrientations_iPhone = "UIInterfaceOrientationPortrait UIInterfaceOrientationLandscapeLeft UIInterfaceOrientationLandscapeRight";
				IPHONEOS_DEPLOYMENT_TARGET = 16.0;
				LD_RUNPATH_SEARCH_PATHS = (
					"$(inherited)",
					"@executable_path/Frameworks",
				);
				MARKETING_VERSION = 1.0;
				PRODUCT_BUNDLE_IDENTIFIER = app.AlexiaAldea.iosApp;
				PRODUCT_NAME = "$(TARGET_NAME)";
				SWIFT_EMIT_LOC_STRINGS = YES;
				SWIFT_VERSION = 5.0;
				TARGETED_DEVICE_FAMILY = "1,2";
			};
			name = Release;
		};
/* End XCBuildConfiguration section */

/* Begin XCConfigurationList section */
		0F224BA52BBB2845006B6D3E /* Build configuration list for PBXProject "iosApp" */ = {
			isa = XCConfigurationList;
			buildConfigurations = (
				0F224BB62BBB2847006B6D3E /* Debug */,
				0F224BB72BBB2847006B6D3E /* Release */,
			);
			defaultConfigurationIsVisible = 0;
			defaultConfigurationName = Release;
		};
		0F224BB82BBB2847006B6D3E /* Build configuration list for PBXNativeTarget "iosApp" */ = {
			isa = XCConfigurationList;
			buildConfigurations = (
				0F224BB92BBB2847006B6D3E /* Debug */,
				0F224BBA2BBB2847006B6D3E /* Release */,
			);
			defaultConfigurationIsVisible = 0;
			defaultConfigurationName = Release;
		};
/* End XCConfigurationList section */

/* Begin XCRemoteSwiftPackageReference section */
		0F224BEC2BBB4638006B6D3E /* XCRemoteSwiftPackageReference "netfox" */ = {
			isa = XCRemoteSwiftPackageReference;
			repositoryURL = "https://github.com/kasketis/netfox.git";
			requirement = {
				kind = upToNextMajorVersion;
				minimumVersion = 1.21.0;
			};
		};
		0F224BEF2BBB46AB006B6D3E /* XCRemoteSwiftPackageReference "SwiftyJSON" */ = {
			isa = XCRemoteSwiftPackageReference;
			repositoryURL = "https://github.com/IBM-Swift/SwiftyJSON.git";
			requirement = {
				kind = upToNextMajorVersion;
				minimumVersion = 17.0.5;
			};
		};
/* End XCRemoteSwiftPackageReference section */

/* Begin XCSwiftPackageProductDependency section */
		0F224BED2BBB4638006B6D3E /* netfox */ = {
			isa = XCSwiftPackageProductDependency;
			package = 0F224BEC2BBB4638006B6D3E /* XCRemoteSwiftPackageReference "netfox" */;
			productName = netfox;
		};
		0F224BF02BBB46AB006B6D3E /* SwiftyJSON */ = {
			isa = XCSwiftPackageProductDependency;
			package = 0F224BEF2BBB46AB006B6D3E /* XCRemoteSwiftPackageReference "SwiftyJSON" */;
			productName = SwiftyJSON;
		};
/* End XCSwiftPackageProductDependency section */
	};
	rootObject = 0F224BA22BBB2845006B6D3E /* Project object */;
}
