{
  "pins" : [
    {
      "identity" : "netfox",
      "kind" : "remoteSourceControl",
      "location" : "https://github.com/kasketis/netfox.git",
      "state" : {
        "revision" : "557576032736fd3140422baefb68b8f76c55088f",
        "version" : "1.21.0"
      }
    },
    {
      "identity" : "swiftyjson",
      "kind" : "remoteSourceControl",
      "location" : "https://github.com/IBM-Swift/SwiftyJSON.git",
      "state" : {
        "revision" : "f9b4754017cfad4701f0838b2e507b442eaca70a",
        "version" : "17.0.5"
      }
    }
  ],
  "version" : 2
}
